
Microsoft Visual Studio Solution File, Format Version 12.00
Project("{FAE04EC0-301F-11D3-BF4B-00C04F79EFBC}") = "CryptoAnalyzer.Auth", "CryptoAnalyzer.Auth\CryptoAnalyzer.Auth.csproj", "{E7F57A31-67D4-4363-B854-DEA03458A3EE}"
EndProject
Project("{FAE04EC0-301F-11D3-BF4B-00C04F79EFBC}") = "CryptoAuth.DAL", "CryptoAuth.DAL\CryptoAuth.DAL.csproj", "{61238CDE-BC23-4155-B2B6-AB5D7DAAA3FE}"
EndProject
Project("{FAE04EC0-301F-11D3-BF4B-00C04F79EFBC}") = "CryptoAuth.BLL", "CryptoAuth.BLL\CryptoAuth.BLL.csproj", "{D9B6EFEB-EA79-4046-ABDF-F743E38EE5A5}"
EndProject
Global
	GlobalSection(SolutionConfigurationPlatforms) = preSolution
		Debug|Any CPU = Debug|Any CPU
		Release|Any CPU = Release|Any CPU
	EndGlobalSection
	GlobalSection(ProjectConfigurationPlatforms) = postSolution
		{E7F57A31-67D4-4363-B854-DEA03458A3EE}.Debug|Any CPU.ActiveCfg = Debug|Any CPU
		{E7F57A31-67D4-4363-B854-DEA03458A3EE}.Debug|Any CPU.Build.0 = Debug|Any CPU
		{E7F57A31-67D4-4363-B854-DEA03458A3EE}.Release|Any CPU.ActiveCfg = Release|Any CPU
		{E7F57A31-67D4-4363-B854-DEA03458A3EE}.Release|Any CPU.Build.0 = Release|Any CPU
		{61238CDE-BC23-4155-B2B6-AB5D7DAAA3FE}.Debug|Any CPU.ActiveCfg = Debug|Any CPU
		{61238CDE-BC23-4155-B2B6-AB5D7DAAA3FE}.Debug|Any CPU.Build.0 = Debug|Any CPU
		{61238CDE-BC23-4155-B2B6-AB5D7DAAA3FE}.Release|Any CPU.ActiveCfg = Release|Any CPU
		{61238CDE-BC23-4155-B2B6-AB5D7DAAA3FE}.Release|Any CPU.Build.0 = Release|Any CPU
		{D9B6EFEB-EA79-4046-ABDF-F743E38EE5A5}.Debug|Any CPU.ActiveCfg = Debug|Any CPU
		{D9B6EFEB-EA79-4046-ABDF-F743E38EE5A5}.Debug|Any CPU.Build.0 = Debug|Any CPU
		{D9B6EFEB-EA79-4046-ABDF-F743E38EE5A5}.Release|Any CPU.ActiveCfg = Release|Any CPU
		{D9B6EFEB-EA79-4046-ABDF-F743E38EE5A5}.Release|Any CPU.Build.0 = Release|Any CPU
	EndGlobalSection
EndGlobal
